Microsoft Visual Studio Solution File, Format Version 12.00
# Visual Studio Version 17
VisualStudioVersion = 17.5.2.0
MinimumVisualStudioVersion = 10.0.40219.1
Project("{FAE04EC0-301F-11D3-BF4B-00C04F79EFBC}") = "2d_squared", "2d_squared.csproj", "{7B7B2855-7704-6375-5F2A-315C3C38EA93}"
EndProject
Global
	GlobalSection(SolutionConfigurationPlatforms) = preSolution
		Debug|Any CPU = Debug|Any CPU
		Release|Any CPU = Release|Any CPU
	EndGlobalSection
	GlobalSection(ProjectConfigurationPlatforms) = postSolution
		{7B7B2855-7704-6375-5F2A-315C3C38EA93}.Debug|Any CPU.ActiveCfg = Debug|Any CPU
		{7B7B2855-7704-6375-5F2A-315C3C38EA93}.Debug|Any CPU.Build.0 = Debug|Any CPU
		{7B7B2855-7704-6375-5F2A-315C3C38EA93}.Release|Any CPU.ActiveCfg = Release|Any CPU
		{7B7B2855-7704-6375-5F2A-315C3C38EA93}.Release|Any CPU.Build.0 = Release|Any CPU
	EndGlobalSection
	GlobalSection(SolutionProperties) = preSolution
		HideSolutionNode = FALSE
	EndGlobalSection
	GlobalSection(ExtensibilityGlobals) = postSolution
		SolutionGuid = {9A15BF8F-FE9F-4C3B-B6A9-1151716D0FBF}
	EndGlobalSection
EndGlobal
